
Microsoft Visual Studio Solution File, Format Version 12.00
# Visual Studio Version 17
VisualStudioVersion = 17.13.35913.81 d17.13
MinimumVisualStudioVersion = 10.0.40219.1
Project("{FAE04EC0-301F-11D3-BF4B-00C04F79EFBC}") = "BibliotekaApp", "BibliotekaApp\BibliotekaApp.csproj", "{DB6C3B94-03BF-4F14-A32F-58457ABC59E0}"
EndProject
Global
	GlobalSection(SolutionConfigurationPlatforms) = preSolution
		Debug|Any CPU = Debug|Any CPU
		Release|Any CPU = Release|Any CPU
	EndGlobalSection
	GlobalSection(ProjectConfigurationPlatforms) = postSolution
		{DB6C3B94-03BF-4F14-A32F-58457ABC59E0}.Debug|Any CPU.ActiveCfg = Debug|Any CPU
		{DB6C3B94-03BF-4F14-A32F-58457ABC59E0}.Debug|Any CPU.Build.0 = Debug|Any CPU
		{DB6C3B94-03BF-4F14-A32F-58457ABC59E0}.Release|Any CPU.ActiveCfg = Release|Any CPU
		{DB6C3B94-03BF-4F14-A32F-58457ABC59E0}.Release|Any CPU.Build.0 = Release|Any CPU
	EndGlobalSection
	GlobalSection(SolutionProperties) = preSolution
		HideSolutionNode = FALSE
	EndGlobalSection
	GlobalSection(ExtensibilityGlobals) = postSolution
		SolutionGuid = {205DC23A-2CD8-42B8-B739-383B8D5D7133}
	EndGlobalSection
EndGlobal
